{
  "name": "the-floppy-guide",
  "lockfileVersion": 3,
  "requires": true,
  "packages": {
    "": {
      "dependencies": {
        "mystmd": "^1.8.1"
      }
    },
    "node_modules/mystmd": {
      "version": "1.8.1",
      "resolved": "https://registry.npmjs.org/mystmd/-/mystmd-1.8.1.tgz",
      "integrity": "sha512-h0/RmGF++QVEtKW5Isoa4PJcYVSPa12MFxL1iIaFYw6tn/KVsI1SVDedupIHhvklcwaOSfg4xi7YWCXNmn/AnQ==",
      "bin": {
        "myst": "dist/myst.cjs"
      }
    }
  }
}
